
Microsoft Visual Studio Solution File, Format Version 12.00
# Visual Studio Version 16
VisualStudioVersion = 16.0.32126.315
MinimumVisualStudioVersion = 10.0.40219.1
Project("{9A19103F-16F7-4668-BE54-9A1E7A4F7556}") = "ProyectoCentroMedico.MVC", "ProyectoCentroMedico.MVC\ProyectoCentroMedico.MVC.csproj", "{DEF2B9BF-BDD5-4DA4-9776-CBEBDDFDB3F2}"
EndProject
Project("{9A19103F-16F7-4668-BE54-9A1E7A4F7556}") = "Proyecto.BusinessLogic", "Proyecto.BusinessLogic\Proyecto.BusinessLogic.csproj", "{819BAE2E-4B37-4A38-98C0-187E1D00508C}"
EndProject
Project("{9A19103F-16F7-4668-BE54-9A1E7A4F7556}") = "Proyecto.DataAccess", "Proyecto.DataAccess\Proyecto.DataAccess.csproj", "{95A475CB-1F81-4C23-9D5C-6886F36824B8}"
EndProject
Project("{9A19103F-16F7-4668-BE54-9A1E7A4F7556}") = "Proyecto.Entities", "Proyecto.Entities\Proyecto.Entities.csproj", "{82653509-066E-4D06-8CA3-B1A6050EE6D4}"
EndProject
Global
	GlobalSection(SolutionConfigurationPlatforms) = preSolution
		Debug|Any CPU = Debug|Any CPU
		Release|Any CPU = Release|Any CPU
	EndGlobalSection
	GlobalSection(ProjectConfigurationPlatforms) = postSolution
		{DEF2B9BF-BDD5-4DA4-9776-CBEBDDFDB3F2}.Debug|Any CPU.ActiveCfg = Debug|Any CPU
		{DEF2B9BF-BDD5-4DA4-9776-CBEBDDFDB3F2}.Debug|Any CPU.Build.0 = Debug|Any CPU
		{DEF2B9BF-BDD5-4DA4-9776-CBEBDDFDB3F2}.Release|Any CPU.ActiveCfg = Release|Any CPU
		{DEF2B9BF-BDD5-4DA4-9776-CBEBDDFDB3F2}.Release|Any CPU.Build.0 = Release|Any CPU
		{819BAE2E-4B37-4A38-98C0-187E1D00508C}.Debug|Any CPU.ActiveCfg = Debug|Any CPU
		{819BAE2E-4B37-4A38-98C0-187E1D00508C}.Debug|Any CPU.Build.0 = Debug|Any CPU
		{819BAE2E-4B37-4A38-98C0-187E1D00508C}.Release|Any CPU.ActiveCfg = Release|Any CPU
		{819BAE2E-4B37-4A38-98C0-187E1D00508C}.Release|Any CPU.Build.0 = Release|Any CPU
		{95A475CB-1F81-4C23-9D5C-6886F36824B8}.Debug|Any CPU.ActiveCfg = Debug|Any CPU
		{95A475CB-1F81-4C23-9D5C-6886F36824B8}.Debug|Any CPU.Build.0 = Debug|Any CPU
		{95A475CB-1F81-4C23-9D5C-6886F36824B8}.Release|Any CPU.ActiveCfg = Release|Any CPU
		{95A475CB-1F81-4C23-9D5C-6886F36824B8}.Release|Any CPU.Build.0 = Release|Any CPU
		{82653509-066E-4D06-8CA3-B1A6050EE6D4}.Debug|Any CPU.ActiveCfg = Debug|Any CPU
		{82653509-066E-4D06-8CA3-B1A6050EE6D4}.Debug|Any CPU.Build.0 = Debug|Any CPU
		{82653509-066E-4D06-8CA3-B1A6050EE6D4}.Release|Any CPU.ActiveCfg = Release|Any CPU
		{82653509-066E-4D06-8CA3-B1A6050EE6D4}.Release|Any CPU.Build.0 = Release|Any CPU
	EndGlobalSection
	GlobalSection(SolutionProperties) = preSolution
		HideSolutionNode = FALSE
	EndGlobalSection
	GlobalSection(ExtensibilityGlobals) = postSolution
		SolutionGuid = {9FA9ADF5-DBF0-4159-8D1A-BA7D848FE340}
	EndGlobalSection
EndGlobal
