
Microsoft Visual Studio Solution File, Format Version 12.00
# Visual Studio Version 16
VisualStudioVersion = 16.0.32630.194
MinimumVisualStudioVersion = 10.0.40219.1
Project("{FAE04EC0-301F-11D3-BF4B-00C04F79EFBC}") = "Generador_de_Nombre", "Generador_de_Nombre\Generador_de_Nombre.csproj", "{BDF8DF6E-6BF0-4A88-9083-211DEE334DE4}"
EndProject
Global
	GlobalSection(SolutionConfigurationPlatforms) = preSolution
		Debug|Any CPU = Debug|Any CPU
		Release|Any CPU = Release|Any CPU
	EndGlobalSection
	GlobalSection(ProjectConfigurationPlatforms) = postSolution
		{BDF8DF6E-6BF0-4A88-9083-211DEE334DE4}.Debug|Any CPU.ActiveCfg = Debug|Any CPU
		{BDF8DF6E-6BF0-4A88-9083-211DEE334DE4}.Debug|Any CPU.Build.0 = Debug|Any CPU
		{BDF8DF6E-6BF0-4A88-9083-211DEE334DE4}.Release|Any CPU.ActiveCfg = Release|Any CPU
		{BDF8DF6E-6BF0-4A88-9083-211DEE334DE4}.Release|Any CPU.Build.0 = Release|Any CPU
	EndGlobalSection
	GlobalSection(SolutionProperties) = preSolution
		HideSolutionNode = FALSE
	EndGlobalSection
	GlobalSection(ExtensibilityGlobals) = postSolution
		SolutionGuid = {631A798D-5691-4508-A0E7-BBD019BD7AF5}
	EndGlobalSection
EndGlobal
