
Microsoft Visual Studio Solution File, Format Version 12.00
# Visual Studio Version 16
VisualStudioVersion = 16.0.32228.343
MinimumVisualStudioVersion = 10.0.40219.1
Project("{FAE04EC0-301F-11D3-BF4B-00C04F79EFBC}") = "AHM_LOGISTIC_SMART_REPORTS", "AHM_LOGISTIC_SMART_REPORTS\AHM_LOGISTIC_SMART_REPORTS.csproj", "{3A6FCBFE-86E6-4241-9866-5D8EA0F79985}"
EndProject
Global
	GlobalSection(SolutionConfigurationPlatforms) = preSolution
		Debug|Any CPU = Debug|Any CPU
		Release|Any CPU = Release|Any CPU
	EndGlobalSection
	GlobalSection(ProjectConfigurationPlatforms) = postSolution
		{3A6FCBFE-86E6-4241-9866-5D8EA0F79985}.Debug|Any CPU.ActiveCfg = Debug|Any CPU
		{3A6FCBFE-86E6-4241-9866-5D8EA0F79985}.Debug|Any CPU.Build.0 = Debug|Any CPU
		{3A6FCBFE-86E6-4241-9866-5D8EA0F79985}.Release|Any CPU.ActiveCfg = Release|Any CPU
		{3A6FCBFE-86E6-4241-9866-5D8EA0F79985}.Release|Any CPU.Build.0 = Release|Any CPU
	EndGlobalSection
	GlobalSection(SolutionProperties) = preSolution
		HideSolutionNode = FALSE
	EndGlobalSection
	GlobalSection(ExtensibilityGlobals) = postSolution
		SolutionGuid = {D6D57729-7F32-4427-9E9C-24FB9A589AC4}
	EndGlobalSection
EndGlobal
