
Microsoft Visual Studio Solution File, Format Version 12.00
# Visual Studio Version 16
VisualStudioVersion = 16.0.32228.343
MinimumVisualStudioVersion = 10.0.40219.1
Project("{FAE04EC0-301F-11D3-BF4B-00C04F79EFBC}") = "AHM_LOGISTIC_SMART_ADM", "AHM_LOGISTIC_SMART_ADM\AHM_LOGISTIC_SMART_ADM.csproj", "{5AB7F0E2-48A6-45BB-994F-FD63BA02BE2C}"
EndProject
Global
	GlobalSection(SolutionConfigurationPlatforms) = preSolution
		Debug|Any CPU = Debug|Any CPU
		Release|Any CPU = Release|Any CPU
	EndGlobalSection
	GlobalSection(ProjectConfigurationPlatforms) = postSolution
		{5AB7F0E2-48A6-45BB-994F-FD63BA02BE2C}.Debug|Any CPU.ActiveCfg = Debug|Any CPU
		{5AB7F0E2-48A6-45BB-994F-FD63BA02BE2C}.Debug|Any CPU.Build.0 = Debug|Any CPU
		{5AB7F0E2-48A6-45BB-994F-FD63BA02BE2C}.Release|Any CPU.ActiveCfg = Release|Any CPU
		{5AB7F0E2-48A6-45BB-994F-FD63BA02BE2C}.Release|Any CPU.Build.0 = Release|Any CPU
	EndGlobalSection
	GlobalSection(SolutionProperties) = preSolution
		HideSolutionNode = FALSE
	EndGlobalSection
	GlobalSection(ExtensibilityGlobals) = postSolution
		SolutionGuid = {76383A04-21A6-4DAB-BC02-6FC04B60D8AB}
	EndGlobalSection
EndGlobal
